{
  "name": "task",
  "version": "1.0.0",
  "lockfileVersion": 3,
  "requires": true,
  "packages": {
    "": {
      "name": "task",
      "version": "1.0.0",
      "license": "ISC",
      "dependencies": {
        "magicbell-js": "^1.7.0"
      },
      "devDependencies": {}
    },
    "node_modules/magicbell-js": {
      "version": "1.7.0",
      "resolved": "https://registry.npmjs.org/magicbell-js/-/magicbell-js-1.7.0.tgz",
      "integrity": "sha512-aQbA9CT6H5Fifnylk6fwXZQZ4jg76mhzRbBsjQDULHfhelPrestshkWtjlUPYzrHmtCAHpTqogcWyKxhLdw6JQ==",
      "dependencies": {
        "zod": "3.22.0"
      }
    },
    "node_modules/zod": {
      "version": "3.22.0",
      "resolved": "https://registry.npmjs.org/zod/-/zod-3.22.0.tgz",
      "integrity": "sha512-y5KZY/ssf5n7hCGDGGtcJO/EBJEm5Pa+QQvFBeyMOtnFYOSflalxIFFvdaYevPhePcmcKC4aTbFkCcXN7D0O8Q==",
      "license": "MIT",
      "funding": {
        "url": "https://github.com/sponsors/colinhacks"
      }
    }
  }
}
